{
  "version": 4,
  "terraform_version": "1.6.5",
  "serial": 12,
  "lineage": "71838a58-b9c6-c78d-5701-460caf23232d",
  "outputs": {},
  "resources": [
    {
      "mode": "managed",
      "type": "azurerm_linux_web_app",
      "name": "webapp",
      "provider": "provider[\"registry.terraform.io/hashicorp/azurerm\"]",
      "instances": [
        {
          "schema_version": 0,
          "attributes": {
            "app_settings": {
              "DOCKER_REGISTRY_SERVER_URL": "https://index.docker.io/v1",
              "WEBSITES_ENABLE_APP_SERVICE_STORAGE": "false",
              "WEBSITES_PORT": "5000"
            },
            "auth_settings": [
              {
                "active_directory": [],
                "additional_login_parameters": {},
                "allowed_external_redirect_urls": [],
                "default_provider": "",
                "enabled": false,
                "facebook": [],
                "github": [],
                "google": [],
                "issuer": "",
                "microsoft": [],
                "runtime_version": "",
                "token_refresh_extension_hours": 0,
                "token_store_enabled": false,
                "twitter": [],
                "unauthenticated_client_action": ""
              }
            ],
            "backup": [],
            "client_affinity_enabled": false,
            "client_certificate_enabled": false,
            "client_certificate_mode": "Required",
            "connection_string": [],
            "custom_domain_verification_id": "D79D2FD1DD33AF9644B60559BFD0DE3A14045667EF1BB88C0F97E964901F2BBF",
            "default_hostname": "bookbuddy3.azurewebsites.net",
            "enabled": true,
            "https_only": true,
            "id": "/subscriptions/aab9bbae-c8ce-46da-9fa6-536a933f07f5/resourceGroups/bookbuddy2-rg/providers/Microsoft.Web/sites/bookbuddy3",
            "identity": [],
            "key_vault_reference_identity_id": "SystemAssigned",
            "kind": "app,linux,container",
            "location": "eastus",
            "logs": [],
            "name": "bookbuddy3",
            "outbound_ip_address_list": [
              "52.188.77.24",
              "52.147.218.10",
              "52.147.218.149",
              "52.147.218.229",
              "52.147.219.27",
              "52.147.219.31",
              "20.49.104.52"
            ],
            "outbound_ip_addresses": "52.188.77.24,52.147.218.10,52.147.218.149,52.147.218.229,52.147.219.27,52.147.219.31,20.49.104.52",
            "possible_outbound_ip_address_list": [
              "52.188.77.24",
              "52.147.218.10",
              "52.147.218.149",
              "52.147.218.229",
              "52.147.219.27",
              "52.147.219.31",
              "52.147.219.189",
              "52.147.219.200",
              "52.147.219.225",
              "52.147.219.228",
              "52.147.219.239",
              "52.147.220.23",
              "52.147.220.67",
              "52.147.220.173",
              "52.147.220.189",
              "52.147.221.179",
              "52.147.222.51",
              "52.147.222.64",
              "40.76.149.222",
              "40.76.150.46",
              "40.76.151.57",
              "52.146.24.52",
              "52.146.24.220",
              "52.146.25.21",
              "20.49.104.52"
            ],
            "possible_outbound_ip_addresses": "52.188.77.24,52.147.218.10,52.147.218.149,52.147.218.229,52.147.219.27,52.147.219.31,52.147.219.189,52.147.219.200,52.147.219.225,52.147.219.228,52.147.219.239,52.147.220.23,52.147.220.67,52.147.220.173,52.147.220.189,52.147.221.179,52.147.222.51,52.147.222.64,40.76.149.222,40.76.150.46,40.76.151.57,52.146.24.52,52.146.24.220,52.146.25.21,20.49.104.52",
            "resource_group_name": "bookbuddy2-rg",
            "service_plan_id": "/subscriptions/aab9bbae-c8ce-46da-9fa6-536a933f07f5/resourceGroups/bookbuddy2-rg/providers/Microsoft.Web/serverfarms/bookbuddy2-asp",
            "site_config": [
              {
                "always_on": true,
                "api_definition_url": "",
                "api_management_api_id": "",
                "app_command_line": "",
                "application_stack": [
                  {
                    "docker_image": "carrieli15/bookbuddy",
                    "docker_image_tag": "latest",
                    "dotnet_version": "",
                    "java_server": "",
                    "java_server_version": "",
                    "java_version": "",
                    "node_version": "",
                    "php_version": "",
                    "python_version": "",
                    "ruby_version": ""
                  }
                ],
                "auto_heal_enabled": false,
                "auto_heal_setting": [],
                "container_registry_managed_identity_client_id": "",
                "container_registry_use_managed_identity": false,
                "cors": [],
                "default_documents": [
                  "Default.htm",
                  "Default.html",
                  "Default.asp",
                  "index.htm",
                  "index.html",
                  "iisstart.htm",
                  "default.aspx",
                  "index.php",
                  "hostingstart.html"
                ],
                "detailed_error_logging_enabled": false,
                "ftps_state": "AllAllowed",
                "health_check_eviction_time_in_min": 0,
                "health_check_path": "",
                "http2_enabled": false,
                "ip_restriction": [],
                "linux_fx_version": "DOCKER|carrieli15/bookbuddy:latest",
                "load_balancing_mode": "LeastRequests",
                "local_mysql_enabled": false,
                "managed_pipeline_mode": "Integrated",
                "minimum_tls_version": "1.2",
                "remote_debugging_enabled": false,
                "remote_debugging_version": "VS2019",
                "scm_ip_restriction": [],
                "scm_minimum_tls_version": "1.2",
                "scm_type": "None",
                "scm_use_main_ip_restriction": false,
                "use_32_bit_worker": true,
                "vnet_route_all_enabled": false,
                "websockets_enabled": false,
                "worker_count": 1
              }
            ],
            "site_credential": [
              {
                "name": "$bookbuddy3",
                "password": "jRGA0H5DMzFhDHsjN9JcQcky7PYT7DEXXkbt02cKH0im1Jxs0elDnAQ93Pt1"
              }
            ],
            "storage_account": [],
            "tags": null,
            "timeouts": null
          },
          "sensitive_attributes": [],
          "private": "eyJlMmJmYjczMC1lY2FhLTExZTYtOGY4OC0zNDM2M2JjN2M0YzAiOnsiY3JlYXRlIjoxODAwMDAwMDAwMDAwLCJkZWxldGUiOjE4MDAwMDAwMDAwMDAsInJlYWQiOjMwMDAwMDAwMDAwMCwidXBkYXRlIjoxODAwMDAwMDAwMDAwfX0=",
          "dependencies": [
            "azurerm_resource_group.rg",
            "azurerm_service_plan.appserviceplan"
          ]
        }
      ]
    },
    {
      "mode": "managed",
      "type": "azurerm_resource_group",
      "name": "rg",
      "provider": "provider[\"registry.terraform.io/hashicorp/azurerm\"]",
      "instances": [
        {
          "schema_version": 0,
          "attributes": {
            "id": "/subscriptions/aab9bbae-c8ce-46da-9fa6-536a933f07f5/resourceGroups/bookbuddy2-rg",
            "location": "eastus",
            "name": "bookbuddy2-rg",
            "tags": {},
            "timeouts": null
          },
          "sensitive_attributes": [],
          "private": "eyJlMmJmYjczMC1lY2FhLTExZTYtOGY4OC0zNDM2M2JjN2M0YzAiOnsiY3JlYXRlIjo1NDAwMDAwMDAwMDAwLCJkZWxldGUiOjU0MDAwMDAwMDAwMDAsInJlYWQiOjMwMDAwMDAwMDAwMCwidXBkYXRlIjo1NDAwMDAwMDAwMDAwfX0="
        }
      ]
    },
    {
      "mode": "managed",
      "type": "azurerm_service_plan",
      "name": "appserviceplan",
      "provider": "provider[\"registry.terraform.io/hashicorp/azurerm\"]",
      "instances": [
        {
          "schema_version": 0,
          "attributes": {
            "app_service_environment_id": "",
            "id": "/subscriptions/aab9bbae-c8ce-46da-9fa6-536a933f07f5/resourceGroups/bookbuddy2-rg/providers/Microsoft.Web/serverfarms/bookbuddy2-asp",
            "kind": "linux",
            "location": "eastus",
            "maximum_elastic_worker_count": 1,
            "name": "bookbuddy2-asp",
            "os_type": "Linux",
            "per_site_scaling_enabled": false,
            "reserved": true,
            "resource_group_name": "bookbuddy2-rg",
            "sku_name": "S1",
            "tags": {},
            "timeouts": null,
            "worker_count": 1
          },
          "sensitive_attributes": [],
          "private": "eyJlMmJmYjczMC1lY2FhLTExZTYtOGY4OC0zNDM2M2JjN2M0YzAiOnsiY3JlYXRlIjozNjAwMDAwMDAwMDAwLCJkZWxldGUiOjM2MDAwMDAwMDAwMDAsInJlYWQiOjMwMDAwMDAwMDAwMCwidXBkYXRlIjozNjAwMDAwMDAwMDAwfX0=",
          "dependencies": [
            "azurerm_resource_group.rg"
          ]
        }
      ]
    }
  ],
  "check_results": null
}
